# This file is autogenerated, do not edit; changes may be undone by the next 'dep ensure'.


[[projects]]
  branch = "master"
  digest = "1:2731b346eaf54abbf2b5ecd7a3c20f835c22d9ac0147057bedbcbb09f210e7e1"
  name = "github.com/kiyor/gourl"
  packages = ["lib"]
  pruneopts = "UT"
  revision = "96a7623089e3ddf779009907fef9c73497126851"

[solve-meta]
  analyzer-name = "dep"
  analyzer-version = 1
  input-imports = ["github.com/kiyor/gourl/lib"]
  solver-name = "gps-cdcl"
  solver-version = 1
